// !$*UTF8*$!
{
	archiveVersion = 1;
	classes = {
	};
	objectVersion = 50;
	objects = {

/* Begin PBXBuildFile section */
		1A7AD704231806D60031FFA6 /* CoreDataManager.m in Sources */ = {isa = PBXBuildFile; fileRef = 1A7AD703231806D60031FFA6 /* CoreDataManager.m */; };
		861579DE20C061D800D8F01F /* AppDelegate.m in Sources */ = {isa = PBXBuildFile; fileRef = 861579DD20C061D800D8F01F /* AppDelegate.m */; };
		861579E720C061D800D8F01F /* testWeatherApp.xcdatamodeld in Sources */ = {isa = PBXBuildFile; fileRef = 861579E520C061D800D8F01F /* testWeatherApp.xcdatamodeld */; };
		861579E920C061DE00D8F01F /* Assets.xcassets in Resources */ = {isa = PBXBuildFile; fileRef = 861579E820C061DE00D8F01F /* Assets.xcassets */; };
		861579EF20C061DE00D8F01F /* main.m in Sources */ = {isa = PBXBuildFile; fileRef = 861579EE20C061DE00D8F01F /* main.m */; };
		861579F820C063A200D8F01F /* WeatherListViewController.m in Sources */ = {isa = PBXBuildFile; fileRef = 861579F620C063A200D8F01F /* WeatherListViewController.m */; };
		861579F920C063A200D8F01F /* WeatherListViewController.xib in Resources */ = {isa = PBXBuildFile; fileRef = 861579F720C063A200D8F01F /* WeatherListViewController.xib */; };
		861579FE20C0643F00D8F01F /* CityWeatherCell.m in Sources */ = {isa = PBXBuildFile; fileRef = 861579FC20C0643F00D8F01F /* CityWeatherCell.m */; };
		861579FF20C0643F00D8F01F /* CityWeatherCell.xib in Resources */ = {isa = PBXBuildFile; fileRef = 861579FD20C0643F00D8F01F /* CityWeatherCell.xib */; };
		86157A0120C071D200D8F01F /* Default-568h@2x.png in Resources */ = {isa = PBXBuildFile; fileRef = 86157A0020C071D200D8F01F /* Default-568h@2x.png */; };
		86157A0520C0FDFD00D8F01F /* ForecastModel.m in Sources */ = {isa = PBXBuildFile; fileRef = 86157A0420C0FDFD00D8F01F /* ForecastModel.m */; };
		86A35E0920C252D600CD770E /* MapViewController.m in Sources */ = {isa = PBXBuildFile; fileRef = 86A35E0720C252D600CD770E /* MapViewController.m */; };
		86A35E0A20C252D600CD770E /* MapViewController.xib in Resources */ = {isa = PBXBuildFile; fileRef = 86A35E0820C252D600CD770E /* MapViewController.xib */; };
		86F679AB20C1054800760977 /* ApiManager.m in Sources */ = {isa = PBXBuildFile; fileRef = 86F679AA20C1054800760977 /* ApiManager.m */; };
/* End PBXBuildFile section */

/* Begin PBXFileReference section */
		1A7AD702231806D60031FFA6 /* CoreDataManager.h */ = {isa = PBXFileReference; lastKnownFileType = sourcecode.c.h; path = CoreDataManager.h; sourceTree = "<group>"; };
		1A7AD703231806D60031FFA6 /* CoreDataManager.m */ = {isa = PBXFileReference; lastKnownFileType = sourcecode.c.objc; path = CoreDataManager.m; sourceTree = "<group>"; };
		861579D920C061D800D8F01F /* testWeatherApp.app */ = {isa = PBXFileReference; explicitFileType = wrapper.application; includeInIndex = 0; path = testWeatherApp.app; sourceTree = BUILT_PRODUCTS_DIR; };
		861579DC20C061D800D8F01F /* AppDelegate.h */ = {isa = PBXFileReference; lastKnownFileType = sourcecode.c.h; path = AppDelegate.h; sourceTree = "<group>"; };
		861579DD20C061D800D8F01F /* AppDelegate.m */ = {isa = PBXFileReference; lastKnownFileType = sourcecode.c.objc; path = AppDelegate.m; sourceTree = "<group>"; };
		861579E620C061D800D8F01F /* testWeatherApp.xcdatamodel */ = {isa = PBXFileReference; lastKnownFileType = wrapper.xcdatamodel; path = testWeatherApp.xcdatamodel; sourceTree = "<group>"; };
		861579E820C061DE00D8F01F /* Assets.xcassets */ = {isa = PBXFileReference; lastKnownFileType = folder.assetcatalog; path = Assets.xcassets; sourceTree = "<group>"; };
		861579ED20C061DE00D8F01F /* Info.plist */ = {isa = PBXFileReference; lastKnownFileType = text.plist.xml; path = Info.plist; sourceTree = "<group>"; };
		861579EE20C061DE00D8F01F /* main.m */ = {isa = PBXFileReference; lastKnownFileType = sourcecode.c.objc; path = main.m; sourceTree = "<group>"; };
		861579F520C063A200D8F01F /* WeatherListViewController.h */ = {isa = PBXFileReference; lastKnownFileType = sourcecode.c.h; path = WeatherListViewController.h; sourceTree = "<group>"; };
		861579F620C063A200D8F01F /* WeatherListViewController.m */ = {isa = PBXFileReference; lastKnownFileType = sourcecode.c.objc; path = WeatherListViewController.m; sourceTree = "<group>"; };
		861579F720C063A200D8F01F /* WeatherListViewController.xib */ = {isa = PBXFileReference; lastKnownFileType = file.xib; path = WeatherListViewController.xib; sourceTree = "<group>"; };
		861579FB20C0643F00D8F01F /* CityWeatherCell.h */ = {isa = PBXFileReference; lastKnownFileType = sourcecode.c.h; path = CityWeatherCell.h; sourceTree = "<group>"; };
		861579FC20C0643F00D8F01F /* CityWeatherCell.m */ = {isa = PBXFileReference; lastKnownFileType = sourcecode.c.objc; path = CityWeatherCell.m; sourceTree = "<group>"; };
		861579FD20C0643F00D8F01F /* CityWeatherCell.xib */ = {isa = PBXFileReference; lastKnownFileType = file.xib; path = CityWeatherCell.xib; sourceTree = "<group>"; };
		86157A0020C071D200D8F01F /* Default-568h@2x.png */ = {isa = PBXFileReference; lastKnownFileType = image.png; path = "Default-568h@2x.png"; sourceTree = "<group>"; };
		86157A0320C0FDFD00D8F01F /* ForecastModel.h */ = {isa = PBXFileReference; lastKnownFileType = sourcecode.c.h; path = ForecastModel.h; sourceTree = "<group>"; };
		86157A0420C0FDFD00D8F01F /* ForecastModel.m */ = {isa = PBXFileReference; lastKnownFileType = sourcecode.c.objc; path = ForecastModel.m; sourceTree = "<group>"; };
		86A35E0520C1326D00CD770E /* testWeatherApp-PrefixHeader.pch */ = {isa = PBXFileReference; lastKnownFileType = sourcecode.c.h; path = "testWeatherApp-PrefixHeader.pch"; sourceTree = "<group>"; };
		86A35E0620C252D600CD770E /* MapViewController.h */ = {isa = PBXFileReference; lastKnownFileType = sourcecode.c.h; path = MapViewController.h; sourceTree = "<group>"; };
		86A35E0720C252D600CD770E /* MapViewController.m */ = {isa = PBXFileReference; lastKnownFileType = sourcecode.c.objc; path = MapViewController.m; sourceTree = "<group>"; };
		86A35E0820C252D600CD770E /* MapViewController.xib */ = {isa = PBXFileReference; lastKnownFileType = file.xib; path = MapViewController.xib; sourceTree = "<group>"; };
		86F679A920C1054800760977 /* ApiManager.h */ = {isa = PBXFileReference; lastKnownFileType = sourcecode.c.h; path = ApiManager.h; sourceTree = "<group>"; };
		86F679AA20C1054800760977 /* ApiManager.m */ = {isa = PBXFileReference; lastKnownFileType = sourcecode.c.objc; path = ApiManager.m; sourceTree = "<group>"; };
/* End PBXFileReference section */

/* Begin PBXFrameworksBuildPhase section */
		861579D620C061D800D8F01F /* Frameworks */ = {
			isa = PBXFrameworksBuildPhase;
			buildActionMask = 2147483647;
			files = (
			);
			runOnlyForDeploymentPostprocessing = 0;
		};
/* End PBXFrameworksBuildPhase section */

/* Begin PBXGroup section */
		1A7AD701231806A90031FFA6 /* CoreData */ = {
			isa = PBXGroup;
			children = (
				1A7AD702231806D60031FFA6 /* CoreDataManager.h */,
				1A7AD703231806D60031FFA6 /* CoreDataManager.m */,
			);
			name = CoreData;
			sourceTree = "<group>";
		};
		861579D020C061D800D8F01F = {
			isa = PBXGroup;
			children = (
				86157A0020C071D200D8F01F /* Default-568h@2x.png */,
				861579DB20C061D800D8F01F /* testWeatherApp */,
				861579DA20C061D800D8F01F /* Products */,
			);
			sourceTree = "<group>";
		};
		861579DA20C061D800D8F01F /* Products */ = {
			isa = PBXGroup;
			children = (
				861579D920C061D800D8F01F /* testWeatherApp.app */,
			);
			name = Products;
			sourceTree = "<group>";
		};
		861579DB20C061D800D8F01F /* testWeatherApp */ = {
			isa = PBXGroup;
			children = (
				861579DC20C061D800D8F01F /* AppDelegate.h */,
				861579DD20C061D800D8F01F /* AppDelegate.m */,
				861579F520C063A200D8F01F /* WeatherListViewController.h */,
				861579F620C063A200D8F01F /* WeatherListViewController.m */,
				861579F720C063A200D8F01F /* WeatherListViewController.xib */,
				86A35E0620C252D600CD770E /* MapViewController.h */,
				86A35E0720C252D600CD770E /* MapViewController.m */,
				86A35E0820C252D600CD770E /* MapViewController.xib */,
				861579FA20C0640C00D8F01F /* Cells */,
				86157A0620C104F300D8F01F /* Api */,
				86157A0220C0FCEE00D8F01F /* Model */,
				1A7AD701231806A90031FFA6 /* CoreData */,
				861579E820C061DE00D8F01F /* Assets.xcassets */,
				861579ED20C061DE00D8F01F /* Info.plist */,
				861579EE20C061DE00D8F01F /* main.m */,
				86A35E0520C1326D00CD770E /* testWeatherApp-PrefixHeader.pch */,
				861579E520C061D800D8F01F /* testWeatherApp.xcdatamodeld */,
			);
			path = testWeatherApp;
			sourceTree = "<group>";
		};
		861579FA20C0640C00D8F01F /* Cells */ = {
			isa = PBXGroup;
			children = (
				861579FB20C0643F00D8F01F /* CityWeatherCell.h */,
				861579FC20C0643F00D8F01F /* CityWeatherCell.m */,
				861579FD20C0643F00D8F01F /* CityWeatherCell.xib */,
			);
			name = Cells;
			sourceTree = "<group>";
		};
		86157A0220C0FCEE00D8F01F /* Model */ = {
			isa = PBXGroup;
			children = (
				86157A0320C0FDFD00D8F01F /* ForecastModel.h */,
				86157A0420C0FDFD00D8F01F /* ForecastModel.m */,
			);
			path = Model;
			sourceTree = "<group>";
		};
		86157A0620C104F300D8F01F /* Api */ = {
			isa = PBXGroup;
			children = (
				86F679A920C1054800760977 /* ApiManager.h */,
				86F679AA20C1054800760977 /* ApiManager.m */,
			);
			name = Api;
			sourceTree = "<group>";
		};
/* End PBXGroup section */

/* Begin PBXNativeTarget section */
		861579D820C061D800D8F01F /* testWeatherApp */ = {
			isa = PBXNativeTarget;
			buildConfigurationList = 861579F220C061DE00D8F01F /* Build configuration list for PBXNativeTarget "testWeatherApp" */;
			buildPhases = (
				861579D520C061D800D8F01F /* Sources */,
				861579D620C061D800D8F01F /* Frameworks */,
				861579D720C061D800D8F01F /* Resources */,
			);
			buildRules = (
			);
			dependencies = (
			);
			name = testWeatherApp;
			productName = testWeatherApp;
			productReference = 861579D920C061D800D8F01F /* testWeatherApp.app */;
			productType = "com.apple.product-type.application";
		};
/* End PBXNativeTarget section */

/* Begin PBXProject section */
		861579D120C061D800D8F01F /* Project object */ = {
			isa = PBXProject;
			attributes = {
				LastUpgradeCheck = 0930;
				ORGANIZATIONNAME = "Evgeny Patrikeev";
				TargetAttributes = {
					861579D820C061D800D8F01F = {
						CreatedOnToolsVersion = 9.3;
					};
				};
			};
			buildConfigurationList = 861579D420C061D800D8F01F /* Build configuration list for PBXProject "testWeatherApp" */;
			compatibilityVersion = "Xcode 9.3";
			developmentRegion = en;
			hasScannedForEncodings = 0;
			knownRegions = (
				en,
				Base,
			);
			mainGroup = 861579D020C061D800D8F01F;
			productRefGroup = 861579DA20C061D800D8F01F /* Products */;
			projectDirPath = "";
			projectRoot = "";
			targets = (
				861579D820C061D800D8F01F /* testWeatherApp */,
			);
		};
/* End PBXProject section */

/* Begin PBXResourcesBuildPhase section */
		861579D720C061D800D8F01F /* Resources */ = {
			isa = PBXResourcesBuildPhase;
			buildActionMask = 2147483647;
			files = (
				861579E920C061DE00D8F01F /* Assets.xcassets in Resources */,
				86157A0120C071D200D8F01F /* Default-568h@2x.png in Resources */,
				861579FF20C0643F00D8F01F /* CityWeatherCell.xib in Resources */,
				86A35E0A20C252D600CD770E /* MapViewController.xib in Resources */,
				861579F920C063A200D8F01F /* WeatherListViewController.xib in Resources */,
			);
			runOnlyForDeploymentPostprocessing = 0;
		};
/* End PBXResourcesBuildPhase section */

/* Begin PBXSourcesBuildPhase section */
		861579D520C061D800D8F01F /* Sources */ = {
			isa = PBXSourcesBuildPhase;
			buildActionMask = 2147483647;
			files = (
				86F679AB20C1054800760977 /* ApiManager.m in Sources */,
				86157A0520C0FDFD00D8F01F /* ForecastModel.m in Sources */,
				861579E720C061D800D8F01F /* testWeatherApp.xcdatamodeld in Sources */,
				1A7AD704231806D60031FFA6 /* CoreDataManager.m in Sources */,
				86A35E0920C252D600CD770E /* MapViewController.m in Sources */,
				861579EF20C061DE00D8F01F /* main.m in Sources */,
				861579FE20C0643F00D8F01F /* CityWeatherCell.m in Sources */,
				861579F820C063A200D8F01F /* WeatherListViewController.m in Sources */,
				861579DE20C061D800D8F01F /* AppDelegate.m in Sources */,
			);
			runOnlyForDeploymentPostprocessing = 0;
		};
/* End PBXSourcesBuildPhase section */

/* Begin XCBuildConfiguration section */
		861579F020C061DE00D8F01F /* Debug */ = {
			isa = XCBuildConfiguration;
			buildSettings = {
				ALWAYS_SEARCH_USER_PATHS = NO;
				CLANG_ANALYZER_NONNULL = YES;
				CLANG_ANALYZER_NUMBER_OBJECT_CONVERSION = YES_AGGRESSIVE;
				CLANG_CXX_LANGUAGE_STANDARD = "gnu++14";
				CLANG_CXX_LIBRARY = "libc++";
				CLANG_ENABLE_MODULES = YES;
				CLANG_ENABLE_OBJC_ARC = YES;
				CLANG_ENABLE_OBJC_WEAK = YES;
				CLANG_WARN_BLOCK_CAPTURE_AUTORELEASING = YES;
				CLANG_WARN_BOOL_CONVERSION = YES;
				CLANG_WARN_COMMA = YES;
				CLANG_WARN_CONSTANT_CONVERSION = YES;
				CLANG_WARN_DEPRECATED_OBJC_IMPLEMENTATIONS = YES;
				CLANG_WARN_DIRECT_OBJC_ISA_USAGE = YES_ERROR;
				CLANG_WARN_DOCUMENTATION_COMMENTS = YES;
				CLANG_WARN_EMPTY_BODY = YES;
				CLANG_WARN_ENUM_CONVERSION = YES;
				CLANG_WARN_INFINITE_RECURSION = YES;
				CLANG_WARN_INT_CONVERSION = YES;
				CLANG_WARN_NON_LITERAL_NULL_CONVERSION = YES;
				CLANG_WARN_OBJC_IMPLICIT_RETAIN_SELF = YES;
				CLANG_WARN_OBJC_LITERAL_CONVERSION = YES;
				CLANG_WARN_OBJC_ROOT_CLASS = YES_ERROR;
				CLANG_WARN_RANGE_LOOP_ANALYSIS = YES;
				CLANG_WARN_STRICT_PROTOTYPES = YES;
				CLANG_WARN_SUSPICIOUS_MOVE = YES;
				CLANG_WARN_UNGUARDED_AVAILABILITY = YES_AGGRESSIVE;
				CLANG_WARN_UNREACHABLE_CODE = YES;
				CLANG_WARN__DUPLICATE_METHOD_MATCH = YES;
				CODE_SIGN_IDENTITY = "iPhone Developer";
				COPY_PHASE_STRIP = NO;
				DEBUG_INFORMATION_FORMAT = dwarf;
				ENABLE_STRICT_OBJC_MSGSEND = YES;
				ENABLE_TESTABILITY = YES;
				GCC_C_LANGUAGE_STANDARD = gnu11;
				GCC_DYNAMIC_NO_PIC = NO;
				GCC_NO_COMMON_BLOCKS = YES;
				GCC_OPTIMIZATION_LEVEL = 0;
				GCC_PREPROCESSOR_DEFINITIONS = (
					"DEBUG=1",
					"$(inherited)",
				);
				GCC_WARN_64_TO_32_BIT_CONVERSION = YES;
				GCC_WARN_ABOUT_RETURN_TYPE = YES_ERROR;
				GCC_WARN_UNDECLARED_SELECTOR = YES;
				GCC_WARN_UNINITIALIZED_AUTOS = YES_AGGRESSIVE;
				GCC_WARN_UNUSED_FUNCTION = YES;
				GCC_WARN_UNUSED_VARIABLE = YES;
				IPHONEOS_DEPLOYMENT_TARGET = 11.3;
				MTL_ENABLE_DEBUG_INFO = YES;
				ONLY_ACTIVE_ARCH = YES;
				SDKROOT = iphoneos;
			};
			name = Debug;
		};
		861579F120C061DE00D8F01F /* Release */ = {
			isa = XCBuildConfiguration;
			buildSettings = {
				ALWAYS_SEARCH_USER_PATHS = NO;
				CLANG_ANALYZER_NONNULL = YES;
				CLANG_ANALYZER_NUMBER_OBJECT_CONVERSION = YES_AGGRESSIVE;
				CLANG_CXX_LANGUAGE_STANDARD = "gnu++14";
				CLANG_CXX_LIBRARY = "libc++";
				CLANG_ENABLE_MODULES = YES;
				CLANG_ENABLE_OBJC_ARC = YES;
				CLANG_ENABLE_OBJC_WEAK = YES;
				CLANG_WARN_BLOCK_CAPTURE_AUTORELEASING = YES;
				CLANG_WARN_BOOL_CONVERSION = YES;
				CLANG_WARN_COMMA = YES;
				CLANG_WARN_CONSTANT_CONVERSION = YES;
				CLANG_WARN_DEPRECATED_OBJC_IMPLEMENTATIONS = YES;
				CLANG_WARN_DIRECT_OBJC_ISA_USAGE = YES_ERROR;
				CLANG_WARN_DOCUMENTATION_COMMENTS = YES;
				CLANG_WARN_EMPTY_BODY = YES;
				CLANG_WARN_ENUM_CONVERSION = YES;
				CLANG_WARN_INFINITE_RECURSION = YES;
				CLANG_WARN_INT_CONVERSION = YES;
				CLANG_WARN_NON_LITERAL_NULL_CONVERSION = YES;
				CLANG_WARN_OBJC_IMPLICIT_RETAIN_SELF = YES;
				CLANG_WARN_OBJC_LITERAL_CONVERSION = YES;
				CLANG_WARN_OBJC_ROOT_CLASS = YES_ERROR;
				CLANG_WARN_RANGE_LOOP_ANALYSIS = YES;
				CLANG_WARN_STRICT_PROTOTYPES = YES;
				CLANG_WARN_SUSPICIOUS_MOVE = YES;
				CLANG_WARN_UNGUARDED_AVAILABILITY = YES_AGGRESSIVE;
				CLANG_WARN_UNREACHABLE_CODE = YES;
				CLANG_WARN__DUPLICATE_METHOD_MATCH = YES;
				CODE_SIGN_IDENTITY = "iPhone Developer";
				COPY_PHASE_STRIP = NO;
				DEBUG_INFORMATION_FORMAT = "dwarf-with-dsym";
				ENABLE_NS_ASSERTIONS = NO;
				ENABLE_STRICT_OBJC_MSGSEND = YES;
				GCC_C_LANGUAGE_STANDARD = gnu11;
				GCC_NO_COMMON_BLOCKS = YES;
				GCC_WARN_64_TO_32_BIT_CONVERSION = YES;
				GCC_WARN_ABOUT_RETURN_TYPE = YES_ERROR;
				GCC_WARN_UNDECLARED_SELECTOR = YES;
				GCC_WARN_UNINITIALIZED_AUTOS = YES_AGGRESSIVE;
				GCC_WARN_UNUSED_FUNCTION = YES;
				GCC_WARN_UNUSED_VARIABLE = YES;
				IPHONEOS_DEPLOYMENT_TARGET = 11.3;
				MTL_ENABLE_DEBUG_INFO = NO;
				SDKROOT = iphoneos;
				VALIDATE_PRODUCT = YES;
			};
			name = Release;
		};
		861579F320C061DE00D8F01F /* Debug */ = {
			isa = XCBuildConfiguration;
			buildSettings = {
				ASSETCATALOG_COMPILER_APPICON_NAME = AppIcon;
				CODE_SIGN_STYLE = Automatic;
				GCC_PRECOMPILE_PREFIX_HEADER = YES;
				GCC_PREFIX_HEADER = "$(PROJECT_DIR)/testWeatherApp/testWeatherApp-PrefixHeader.pch";
				INFOPLIST_FILE = testWeatherApp/Info.plist;
				LD_RUNPATH_SEARCH_PATHS = (
					"$(inherited)",
					"@executable_path/Frameworks",
				);
				PRODUCT_BUNDLE_IDENTIFIER = com.aawee.testWeatherApp;
				PRODUCT_NAME = "$(TARGET_NAME)";
				TARGETED_DEVICE_FAMILY = "1,2";
			};
			name = Debug;
		};
		861579F420C061DE00D8F01F /* Release */ = {
			isa = XCBuildConfiguration;
			buildSettings = {
				ASSETCATALOG_COMPILER_APPICON_NAME = AppIcon;
				CODE_SIGN_STYLE = Automatic;
				GCC_PRECOMPILE_PREFIX_HEADER = YES;
				GCC_PREFIX_HEADER = "$(PROJECT_DIR)/testWeatherApp/testWeatherApp-PrefixHeader.pch";
				INFOPLIST_FILE = testWeatherApp/Info.plist;
				LD_RUNPATH_SEARCH_PATHS = (
					"$(inherited)",
					"@executable_path/Frameworks",
				);
				PRODUCT_BUNDLE_IDENTIFIER = com.aawee.testWeatherApp;
				PRODUCT_NAME = "$(TARGET_NAME)";
				TARGETED_DEVICE_FAMILY = "1,2";
			};
			name = Release;
		};
/* End XCBuildConfiguration section */

/* Begin XCConfigurationList section */
		861579D420C061D800D8F01F /* Build configuration list for PBXProject "testWeatherApp" */ = {
			isa = XCConfigurationList;
			buildConfigurations = (
				861579F020C061DE00D8F01F /* Debug */,
				861579F120C061DE00D8F01F /* Release */,
			);
			defaultConfigurationIsVisible = 0;
			defaultConfigurationName = Release;
		};
		861579F220C061DE00D8F01F /* Build configuration list for PBXNativeTarget "testWeatherApp" */ = {
			isa = XCConfigurationList;
			buildConfigurations = (
				861579F320C061DE00D8F01F /* Debug */,
				861579F420C061DE00D8F01F /* Release */,
			);
			defaultConfigurationIsVisible = 0;
			defaultConfigurationName = Release;
		};
/* End XCConfigurationList section */

/* Begin XCVersionGroup section */
		861579E520C061D800D8F01F /* testWeatherApp.xcdatamodeld */ = {
			isa = XCVersionGroup;
			children = (
				861579E620C061D800D8F01F /* testWeatherApp.xcdatamodel */,
			);
			currentVersion = 861579E620C061D800D8F01F /* testWeatherApp.xcdatamodel */;
			path = testWeatherApp.xcdatamodeld;
			sourceTree = "<group>";
			versionGroupType = wrapper.xcdatamodel;
		};
/* End XCVersionGroup section */
	};
	rootObject = 861579D120C061D800D8F01F /* Project object */;
}
